version: 7
platforms:
- name: linux-64
  virtual-packages:
  - __unix=0=0
  - __linux=4.18
  - __glibc=2.28
  - __archspec=0=x86_64
environments:
  default:
    channels:
    - url: https://conda.anaconda.org/conda-forge/
    indexes:
    - https://pypi.org/simple
    packages:
      linux-64:
      - conda: https://conda.anaconda.org/conda-forge/linux-64/_openmp_mutex-4.5-20_gnu.conda
      - conda: https://conda.anaconda.org/conda-forge/linux-64/bzip2-1.0.8-hda65f42_10.conda
      - conda: https://conda.anaconda.org/conda-forge/linux-64/icu-78.3-py310h44b86e0_2.conda
      - conda: https://conda.anaconda.org/conda-forge/linux-64/keyutils-1.6.3-h7cc23a3_1.conda
      - conda: https://conda.anaconda.org/conda-forge/linux-64/krb5-1.22.2-hbc21106_2.conda
      - conda: https://conda.anaconda.org/conda-forge/linux-64/ld_impl_linux-64-2.46.1-default_hbd61a6d_102.conda
      - conda: https://conda.anaconda.org/conda-forge/linux-64/libcap-2.78-h084b8d7_1.conda
      - conda: https://conda.anaconda.org/conda-forge/linux-64/libcbor-0.10.2-hcb278e6_0.conda
      - conda: https://conda.anaconda.org/conda-forge/linux-64/libedit-3.1.20250104-pl5321h373387f_1.conda
      - conda: https://conda.anaconda.org/conda-forge/linux-64/libexpat-2.8.4-hd2095e1_0.conda
      - conda: https://conda.anaconda.org/conda-forge/linux-64/libffi-3.7.0-h81df57d_1.conda
      - conda: https://conda.anaconda.org/conda-forge/linux-64/libfido2-1.17.0-h8c08ba8_0.conda
      - conda: https://conda.anaconda.org/conda-forge/linux-64/libgcc-16.2.0-ha9f2e26_5.conda
      - conda: https://conda.anaconda.org/conda-forge/linux-64/libgcc-ng-16.2.0-h69a702a_5.conda
      - conda: https://conda.anaconda.org/conda-forge/linux-64/libgomp-16.2.0-he0feb66_5.conda
      - conda: https://conda.anaconda.org/conda-forge/linux-64/liblzma-5.8.3-hb03c661_1.conda
      - conda: https://conda.anaconda.org/conda-forge/linux-64/libmpdec-4.0.0-hb03c661_2.conda
      - conda: https://conda.anaconda.org/conda-forge/linux-64/libpython-3.13.15-hdc7f604_103_cp313.conda
      - conda: https://conda.anaconda.org/conda-forge/linux-64/libsqlite-3.53.4-h13e7031_1.conda
      - conda: https://conda.anaconda.org/conda-forge/linux-64/libstdcxx-16.2.0-h934c35e_5.conda
      - conda: https://conda.anaconda.org/conda-forge/linux-64/libstdcxx-ng-16.2.0-hdf11a46_5.conda
      - conda: https://conda.anaconda.org/conda-forge/linux-64/libudev1-262-h26e0ef7_0.conda
      - conda: https://conda.anaconda.org/conda-forge/linux-64/libuuid-2.42.4-hcfc3c73_0.conda
      - conda: https://conda.anaconda.org/conda-forge/linux-64/libxcrypt-4.4.38-h280c20c_0.conda
      - conda: https://conda.anaconda.org/conda-forge/linux-64/libzlib-1.3.2-h25fd6f3_3.conda
      - conda: https://conda.anaconda.org/conda-forge/linux-64/ncurses-6.6-hdb14827_1.conda
      - conda: https://conda.anaconda.org/conda-forge/linux-64/openssh-10.5p1-hcbcca31_0.conda
      - conda: https://conda.anaconda.org/conda-forge/linux-64/openssl-3.6.4-h781a0a9_0.conda
      - conda: https://conda.anaconda.org/conda-forge/linux-64/python-3.13.15-hf47f18c_103_cp313.conda
      - conda: https://conda.anaconda.org/conda-forge/linux-64/readline-8.3-hd6e31c0_1.conda
      - conda: https://conda.anaconda.org/conda-forge/linux-64/socat-1.8.1.3-h20ad521_0.conda
      - conda: https://conda.anaconda.org/conda-forge/linux-64/tk-8.6.13-noxft_h1df4ec4_4.conda
      - conda: https://conda.anaconda.org/conda-forge/linux-64/zstd-1.5.7-hb78ec9c_7.conda
      - conda: https://conda.anaconda.org/conda-forge/noarch/ca-certificates-2026.7.22-hbd8a1cb_0.conda
      - conda: https://conda.anaconda.org/conda-forge/noarch/pyte-0.8.2-pyhd8ed1ab_0.conda
      - conda: https://conda.anaconda.org/conda-forge/noarch/python_abi-3.13-9_cp313.conda
      - conda: https://conda.anaconda.org/conda-forge/noarch/tzdata-2026c-h151e31d_0.conda
      - conda: https://conda.anaconda.org/conda-forge/noarch/wcwidth-0.9.1-pyh5ded981_0.conda
      - pypi: https://files.pythonhosted.org/packages/07/bc/587a445451b253b285629263eb51c2d8e9bcea4fc97826266d186f96f558/pyserial-3.5-py2.py3-none-any.whl
      - pypi: https://files.pythonhosted.org/packages/0c/c3/44f3fbbfa403ea2a7c779186dc20772604442dde72947e7d01069cbe98e3/pycparser-3.0-py3-none-any.whl
      - pypi: https://files.pythonhosted.org/packages/27/24/c820cf15f87f7b164e83710c1852d4f900d9793961579e5ef64189bc0c10/pyserial_asyncio-0.6-py3-none-any.whl
      - pypi: https://files.pythonhosted.org/packages/28/b8/27e6312e86408a44fe16bd28ee12dd98608b39f7e7e57884a24e8f29b573/pyusb-1.3.1-py3-none-any.whl
      - pypi: https://files.pythonhosted.org/packages/29/a6/76a492f6a937e196641b3abd1588c504c71438e243daf1bebde4d3bb8ee9/platformdirs-4.11.13-py3-none-any.whl
      - pypi: https://files.pythonhosted.org/packages/34/c7/e1c2e8a67f6cc0aa43abe0046fb3b7a020980649e6a843751dc7ce9eb170/websockets-17.1-cp313-cp313-manylinux1_x86_64.manylinux_2_28_x86_64.manylinux_2_5_x86_64.whl
      - pypi: https://files.pythonhosted.org/packages/49/d3/b8441a820a491ddfc024b0b0cf0393375b75ea13866d9c66727e54c2fc80/typing_extensions-4.16.0-py3-none-any.whl
      - pypi: https://files.pythonhosted.org/packages/54/6f/84908cad2d6aa5144abcf7b42709fe4fdb459bc640ec7ac5786e7693dabc/prompt_toolkit-3.0.53-py3-none-any.whl
      - pypi: https://files.pythonhosted.org/packages/58/50/6c0d534c5f134586a8e1ba4e330569e32f057e33372ae556463212fb4cd3/click-8.5.0-py3-none-any.whl
      - pypi: https://files.pythonhosted.org/packages/81/12/5347938b1f9a6453f0dbdfcc3e2388a1320ef9b9ec17fbefbc4ab647ea98/pyee-14.0.0-py3-none-any.whl
      - pypi: https://files.pythonhosted.org/packages/87/c8/f552f4df5c6e9b64267c09bffe465f744edb088154f6d27a17beb8887de0/bumble-0.0.235-py3-none-any.whl
      - pypi: https://files.pythonhosted.org/packages/8a/db/55a262f3606bebcae07cc14095338471ad7c0bbcaa37707e6f0ee49725b7/importlib_resources-7.1.0-py3-none-any.whl
      - pypi: https://files.pythonhosted.org/packages/95/95/86342356ff5953b3fb06f7ef7c5bee212d45e770abc7218d451b9148313c/cffi-2.1.1-cp313-cp313-manylinux2014_x86_64.manylinux_2_17_x86_64.whl
      - pypi: https://files.pythonhosted.org/packages/d4/64/d4b59444e4d3b6979aa5eb58840634465a24b41a9ab03dcf8434c9b89551/libusb1-3.4.0-py3-none-any.whl
      - pypi: https://files.pythonhosted.org/packages/e1/1b/82f0f0d8858d4432be1af790477edf62aef90324041aa07c57e57bef1af7/cryptography-50.0.1-cp311-abi3-manylinux_2_28_x86_64.whl
      - pypi: https://files.pythonhosted.org/packages/fd/d0/ef347f6a283c1bde984af5aae3ba71ebf612d022c0a3cd1458ae58cc3c66/libusb_package-1.0.26.4-py3-none-manylinux2014_x86_64.manylinux_2_17_x86_64.manylinux_2_28_x86_64.whl
packages:
- conda: https://conda.anaconda.org/conda-forge/linux-64/_openmp_mutex-4.5-20_gnu.conda
  build_number: 20
  sha256: 1dd3fffd892081df9726d7eb7e0dea6198962ba775bd88842135a4ddb4deb3c9
  md5: a9f577daf3de00bca7c3c76c0ecbd1de
  depends:
  - __glibc >=2.17,<3.0.a0
  - libgomp >=7.5.0
  constrains:
  - openmp_impl <0.0a0
  license: BSD-3-Clause
  license_family: BSD
  purls: []
  run_exports:
    strong:
    - _openmp_mutex >=4.5
  size: 28948
  timestamp: 1770939786096
- conda: https://conda.anaconda.org/conda-forge/linux-64/bzip2-1.0.8-hda65f42_10.conda
  sha256: 1a0d382c515ebf55f8ee1f38c8b81bc95af5c2acc42ad53b66bc5df932032f96
  md5: e675fabcf81499adc7edf58124fb1e01
  depends:
  - __glibc >=2.17,<3.0.a0
  - libgcc >=14
  license: bzip2-1.0.6
  license_family: BSD
  purls: []
  run_exports:
    weak:
    - bzip2 >=1.0.8,<2.0a0
  size: 257808
  timestamp: 1785906269155
- conda: https://conda.anaconda.org/conda-forge/linux-64/icu-78.3-py310h44b86e0_2.conda
  sha256: 9f07834f0c546ab14d885ce0366285f61f44e326c0edd1fc63b8294e113ae432
  md5: 72a381cbad04f24b1c2a43ef707f45b4
  depends:
  - __glibc >=2.17,<3.0.a0
  - libstdcxx >=14
  - libgcc >=14
  license: MIT
  license_family: MIT
  purls: []
  run_exports:
    weak:
    - icu >=78.3,<79.0a0
  size: 14459115
  timestamp: 1786545741408
- conda: https://conda.anaconda.org/conda-forge/linux-64/keyutils-1.6.3-h7cc23a3_1.conda
  sha256: dd053c96dcb0dcfd59422aefea9d2fe937a190167f34fba7893ec1e10a7e8963
  md5: ba55d1b89fd7775e67de8291029b4059
  depends:
  - __glibc >=2.17,<3.0.a0
  - libgcc >=15
  license: LGPL-2.1-or-later
  purls: []
  run_exports:
    weak:
    - keyutils >=1.6.3,<2.0a0
  size: 135295
  timestamp: 1786739238128
- conda: https://conda.anaconda.org/conda-forge/linux-64/krb5-1.22.2-hbc21106_2.conda
  sha256: 2a5c38c85e63df84c4e69ee71439841ce570d259ae3060627bb9a49a938d66f4
  md5: 53318d715316929a574f83591308b1f8
  depends:
  - __glibc >=2.17,<3.0.a0
  - keyutils >=1.6.3,<2.0a0
  - libedit >=3.1.20250104,<3.2.0a0
  - libedit >=3.1.20250104,<4.0a0
  - libgcc >=15
  - libstdcxx >=15
  - openssl >=3.5.7,<4.0a0
  license: MIT
  license_family: MIT
  purls: []
  run_exports:
    weak:
    - krb5 >=1.22.2,<1.23.0a0
  size: 1394333
  timestamp: 1786762112514
- conda: https://conda.anaconda.org/conda-forge/linux-64/ld_impl_linux-64-2.46.1-default_hbd61a6d_102.conda
  sha256: 27d83f1188cd19bcb7754a078b3fa7f4cfb8527f8eb2fde54dd01fc529d1adec
  md5: 449500f2c089da11c40f5c21312e3e07
  depends:
  - __glibc >=2.17,<3.0.a0
  - zstd >=1.5.7,<1.6.0a0
  constrains:
  - binutils_impl_linux-64 2.46.1
  license: GPL-3.0-only
  license_family: GPL
  purls: []
  run_exports: {}
  size: 745303
  timestamp: 1784214507189
- conda: https://conda.anaconda.org/conda-forge/linux-64/libcap-2.78-h084b8d7_1.conda
  sha256: 8cb25174d6b6fac95d31e86cfe41faffc8ee9dacbf2bfd22e6c23377e8f338c1
  md5: 5db514adf5f843126ff846d1510f22a4
  depends:
  - __glibc >=2.17,<3.0.a0
  - libgcc >=14
  license: BSD-3-Clause
  license_family: BSD
  purls: []
  run_exports:
    weak:
    - libcap >=2.78,<2.79.0a0
  size: 124306
  timestamp: 1786025967663
- conda: https://conda.anaconda.org/conda-forge/linux-64/libcbor-0.10.2-hcb278e6_0.conda
  sha256: bdad0f4a40365a4f5a4b192ff74d39c8c4036d2dd32cfa592e80533c3dcab7e4
  md5: 1cd4da6255c707d846e07fe30faf3c12
  depends:
  - libgcc-ng >=12
  - libstdcxx-ng >=12
  license: MIT
  license_family: MIT
  purls: []
  run_exports:
    weak:
    - libcbor >=0.10.2,<0.11.0a0
  size: 42794
  timestamp: 1675231959207
- conda: https://conda.anaconda.org/conda-forge/linux-64/libedit-3.1.20250104-pl5321h373387f_1.conda
  sha256: 6473eb8caf2aae830f37caa93db9b26dddf7ac84b63229e8bf7fc0e5c3ab95b0
  md5: 50708d3b951d0f8e2d7f2df5b5edc040
  depends:
  - ncurses
  - libgcc >=14
  - __glibc >=2.17,<3.0.a0
  - ncurses >=6.6,<7.0a0
  license: BSD-2-Clause
  license_family: BSD
  purls: []
  run_exports:
    weak:
    - libedit >=3.1.20250104,<3.2.0a0
  size: 135098
  timestamp: 1786616658086
- conda: https://conda.anaconda.org/conda-forge/linux-64/libexpat-2.8.4-hd2095e1_0.conda
  sha256: 2f5e90b621f7bf64c35d5c972bd85a645555d82404130569149a129dcbc8b8dd
  md5: a77b44d6cbaad97f3ad050ab35fad55a
  depends:
  - __glibc >=2.17,<3.0.a0
  - libgcc >=15
  constrains:
  - expat 2.8.4.*
  license: MIT
  license_family: MIT
  purls: []
  run_exports: {}
  size: 77595
  timestamp: 1790073019208
- conda: https://conda.anaconda.org/conda-forge/linux-64/libffi-3.7.0-h81df57d_1.conda
  sha256: c8c7583ef063bc3c430f1d48298e5ad24f796a35c22ed5b14183325825a61106
  md5: 6525a0b06aa4fd390795f0740636a9dd
  depends:
  - __glibc >=2.17,<3.0.a0
  - libgcc >=15
  license: MIT
  license_family: MIT
  purls: []
  run_exports:
    weak:
    - libffi >=3.7.0,<3.8.0a0
  size: 68004
  timestamp: 1787753412298
- conda: https://conda.anaconda.org/conda-forge/linux-64/libfido2-1.17.0-h8c08ba8_0.conda
  sha256: b27f93fae5fb6c232c8ff5718e2e51fd592eb9fa3878c02cb8ea2e68802ad223
  md5: f3a2fbd4644599669d5f274f98c04b30
  depends:
  - __glibc >=2.17,<3.0.a0
  - libcbor >=0.10.2,<0.11.0a0
  - libgcc >=14
  - libstdcxx >=14
  - libudev1 >=257.13
  - libzlib >=1.3.2,<2.0a0
  - openssl >=3.5.6,<4.0a0
  license: BSD-2-Clause
  license_family: BSD
  purls: []
  run_exports:
    weak:
    - libfido2 >=1.17.0,<2.0a0
  size: 287606
  timestamp: 1776270442920
- conda: https://conda.anaconda.org/conda-forge/linux-64/libgcc-16.2.0-ha9f2e26_5.conda
  sha256: 33d1b5d57c5a55a474330c5ec41fe7001a5aa600d9639389e8ce5edafae216a4
  md5: 3b62b92f0f082b67c59618ebf07617a7
  depends:
  - __glibc >=2.17,<3.0.a0
  - _openmp_mutex >=4.5
  constrains:
  - libgcc-ng ==16.2.0=*_5
  - libgomp 16.2.0 he0feb66_5
  license: GPL-3.0-only WITH GCC-exception-3.1
  license_family: GPL
  purls: []
  run_exports: {}
  size: 1057064
  timestamp: 1789485807107
- conda: https://conda.anaconda.org/conda-forge/linux-64/libgcc-ng-16.2.0-h69a702a_5.conda
  sha256: d298972e17697a5e96806d5f2c151c53efd0afa0ef10db5d6757a5b186817219
  md5: e7c34906139296448e3554fafa3dbec2
  depends:
  - libgcc 16.2.0 ha9f2e26_5
  license: GPL-3.0-only WITH GCC-exception-3.1
  license_family: GPL
  purls: []
  run_exports:
    strong:
    - libgcc
  size: 28535
  timestamp: 1789485811332
- conda: https://conda.anaconda.org/conda-forge/linux-64/libgomp-16.2.0-he0feb66_5.conda
  sha256: 224a5a09e258a1a257089a9af310e9336e1d36834959718a9fab8679742dd822
  md5: af44890f8a2beefd3a83805a59a65014
  depends:
  - __glibc >=2.17,<3.0.a0
  license: GPL-3.0-only WITH GCC-exception-3.1
  license_family: GPL
  purls: []
  run_exports:
    strong:
    - _openmp_mutex >=4.5
  size: 641644
  timestamp: 1789485759120
- conda: https://conda.anaconda.org/conda-forge/linux-64/liblzma-5.8.3-hb03c661_1.conda
  sha256: 9787df8c22a59c9a70d3e5a10db9ad663485e75e9ccc3f09bd092cb7b95e0dab
  md5: 1390b7c5ac0b1d8e447bc5efa6d3c8c2
  depends:
  - __glibc >=2.17,<3.0.a0
  - libgcc >=14
  constrains:
  - xz 5.8.3.*
  license: 0BSD
  purls: []
  run_exports:
    weak:
    - liblzma >=5.8.3,<6.0a0
  size: 112995
  timestamp: 1786348617826
- conda: https://conda.anaconda.org/conda-forge/linux-64/libmpdec-4.0.0-hb03c661_2.conda
  sha256: 46820b4a835e175940ae20bec00fdddaff804cda27a1408ab1b95e77a2196437
  md5: fcfed1dc5053eb1901b66e7b1fc32588
  depends:
  - __glibc >=2.17,<3.0.a0
  - libgcc >=14
  license: BSD-2-Clause
  license_family: BSD
  purls: []
  run_exports: {}
  size: 92759
  timestamp: 1786650399772
- conda: https://conda.anaconda.org/conda-forge/linux-64/libpython-3.13.15-hdc7f604_103_cp313.conda
  build_number: 103
  sha256: a25db25aad6cbf53e523e1f310713f31372932d5db655f1f2d62a204c7cdf1d7
  md5: e64cd43bbd07afafbc458138e979c851
  depends:
  - __glibc >=2.17,<3.0.a0
  - libgcc >=15
  - libstdcxx >=15
  license: Python-2.0
  purls: []
  run_exports: {}
  size: 9711017
  timestamp: 1788387797958
- conda: https://conda.anaconda.org/conda-forge/linux-64/libsqlite-3.53.4-h13e7031_1.conda
  sha256: f20d70da54e5b31dd4a51fb1efeaafafd5ab6dd8d7ac9d1438eaa2526ac4ed3d
  md5: e72bbec309c2b0f37823ee7d4fabfcd3
  depends:
  - __glibc >=2.17,<3.0.a0
  - icu >=78.3,<79.0a0
  - libgcc >=15
  - libzlib >=1.3.2,<2.0a0
  license: blessing
  purls: []
  run_exports:
    weak:
    - libsqlite >=3.53.4,<4.0a0
  size: 974348
  timestamp: 1787051145557
- conda: https://conda.anaconda.org/conda-forge/linux-64/libstdcxx-16.2.0-h934c35e_5.conda
  sha256: 38cadde30fad8f7c101f9eec79f60bf03fc99310c7195d23f8b30832516d666f
  md5: 75b43a2912a0354204696708e4f34b8d
  depends:
  - __glibc >=2.17,<3.0.a0
  - libgcc 16.2.0 ha9f2e26_5
  constrains:
  - libstdcxx-ng ==16.2.0=*_5
  license: GPL-3.0-only WITH GCC-exception-3.1
  license_family: GPL
  purls: []
  run_exports: {}
  size: 6618916
  timestamp: 1789485826390
- conda: https://conda.anaconda.org/conda-forge/linux-64/libstdcxx-ng-16.2.0-hdf11a46_5.conda
  sha256: 855cee8f4b7abe06dc5918a66e0009492964926d5f5d6a033438dd6cab4e91e4
  md5: c37fb00cb15b16cf1601914d68a509ea
  depends:
  - libstdcxx 16.2.0 h934c35e_5
  license: GPL-3.0-only WITH GCC-exception-3.1
  license_family: GPL
  purls: []
  run_exports:
    strong:
    - libstdcxx
  size: 28561
  timestamp: 1789485853984
- conda: https://conda.anaconda.org/conda-forge/linux-64/libudev1-262-h26e0ef7_0.conda
  sha256: 2333de006b3d7a9105cafb40c1d4b32ce7994da6bf957163c21b4015e8807dde
  md5: aa1397765d095c853318e4da173fbca0
  depends:
  - __glibc >=2.17,<3.0.a0
  - libcap >=2.78,<2.79.0a0
  - libgcc >=15
  license: LGPL-2.1-or-later
  purls: []
  run_exports: {}
  size: 184603
  timestamp: 1790211694411
- conda: https://conda.anaconda.org/conda-forge/linux-64/libuuid-2.42.4-hcfc3c73_0.conda
  sha256: f34b8d1de9a2bf62476d8608057d9b8a918d97444236dc53a47128f2fae79041
  md5: 54a948337e66706380ff24d6b5fde63f
  depends:
  - libgcc >=15
  - __glibc >=2.17,<3.0.a0
  license: BSD-3-Clause
  purls: []
  run_exports:
    weak:
    - libuuid >=2.42.4,<3.0a0
  size: 34442
  timestamp: 1790121449161
- conda: https://conda.anaconda.org/conda-forge/linux-64/libxcrypt-4.4.38-h280c20c_0.conda
  sha256: f7e9292dd219a6435bbb1223da9586c3e70d66d169c5a92f08db3f2127df04e9
  md5: f7a7ff5a6ab331e037abd34f379a631d
  depends:
  - libgcc >=14
  - __glibc >=2.17,<3.0.a0
  license: LGPL-2.1-or-later
  purls: []
  run_exports:
    weak:
    - libxcrypt >=4.4.38
  size: 101957
  timestamp: 1785887123445
- conda: https://conda.anaconda.org/conda-forge/linux-64/libzlib-1.3.2-h25fd6f3_3.conda
  sha256: eb8a0db0aa570124f7d2a93d7c7f596e3390df5e047818d873baad32985fc736
  md5: 0de0122d9570a8ab637c6b73db268389
  depends:
  - __glibc >=2.17,<3.0.a0
  constrains:
  - zlib 1.3.2 *_3
  license: Zlib
  license_family: Other
  purls: []
  run_exports:
    weak:
    - libzlib >=1.3.2,<2.0a0
  size: 63713
  timestamp: 1785362952714
- conda: https://conda.anaconda.org/conda-forge/linux-64/ncurses-6.6-hdb14827_1.conda
  sha256: 5d46557214ed184381dafe835b7c94a474a1c3b307a08a250b1ea4779b44ffb3
  md5: ee6c0cd80a60961a1f48aa3e0b91f986
  depends:
  - __glibc >=2.17,<3.0.a0
  - libgcc >=14
  license: X11 AND BSD-3-Clause
  purls: []
  run_exports:
    weak:
    - ncurses >=6.6,<7.0a0
  size: 911196
  timestamp: 1786355078102
- conda: https://conda.anaconda.org/conda-forge/linux-64/openssh-10.5p1-hcbcca31_0.conda
  sha256: 5a00c0b964c2701d10807d3e93b1ad4c6d67f1f6fff206cf4c3bc3022f54fbd5
  md5: 85ad63ca7e450d1c978ac26c856fde96
  depends:
  - __glibc >=2.17,<3.0.a0
  - krb5 >=1.22.2,<1.23.0a0
  - libedit >=3.1.20250104,<3.2.0a0
  - libfido2 >=1.17.0,<2.0a0
  - libgcc >=14
  - libxcrypt >=4.4.38
  - libzlib >=1.3.2,<2.0a0
  - openssl >=3.5.7,<4.0a0
  license: SSH-OpenSSH
  purls: []
  run_exports: {}
  size: 1151833
  timestamp: 1786442327601
- conda: https://conda.anaconda.org/conda-forge/linux-64/openssl-3.6.4-h781a0a9_0.conda
  sha256: 4747b2d6a8336f52343bceb8a1ebf41a9e6e665b9d2e3f989972de53a310599e
  md5: 16e3034a330cc625f2c685edec60cf4e
  depends:
  - __glibc >=2.17,<3.0.a0
  - ca-certificates
  - libgcc >=15
  license: Apache-2.0
  license_family: Apache
  purls: []
  run_exports:
    weak:
    - openssl >=3.6.4,<4.0a0
  size: 3202955
  timestamp: 1787698780103
- conda: https://conda.anaconda.org/conda-forge/linux-64/python-3.13.15-hf47f18c_103_cp313.conda
  build_number: 103
  sha256: cc18ba39af0d591ac012c1334ac98aa59ec7be389719b4cd80cc0a58a53019de
  md5: 641613f2d89da811bc29fa4cde88ef20
  depends:
  - __glibc >=2.17,<3.0.a0
  - bzip2 >=1.0.8,<2.0a0
  - ld_impl_linux-64 >=2.36.1
  - libexpat >=2.8.1,<3.0a0
  - libffi >=3.7.0,<3.8.0a0
  - libgcc >=15
  - liblzma >=5.8.3,<6.0a0
  - libmpdec >=4.0.0,<5.0a0
  - libpython 3.13.15 hdc7f604_103_cp313
  - libsqlite >=3.53.4,<4.0a0
  - libuuid >=2.42.3,<3.0a0
  - libzlib >=1.3.2,<2.0a0
  - ncurses >=6.6,<7.0a0
  - openssl >=3.5.8,<4.0a0
  - python_abi 3.13.* *_cp313
  - readline >=8.3,<9.0a0
  - tk >=8.6.13,<8.7.0a0
  - tzdata
  license: Python-2.0
  purls: []
  run_exports:
    weak:
    - python_abi 3.13.* *_cp313
    noarch:
    - python
  size: 24369771
  timestamp: 1788387840141
  python_site_packages_path: lib/python3.13/site-packages
- conda: https://conda.anaconda.org/conda-forge/linux-64/readline-8.3-hd6e31c0_1.conda
  sha256: 01b3fe073a66e321970d09e04b388708f8cbdca5cdfbfcb7c9eeb470ad10383d
  md5: 69c01c781e7c8190bbdaf79e3848c5ca
  depends:
  - __glibc >=2.17,<3.0.a0
  - libgcc >=15
  - ncurses >=6.6,<7.0a0
  license: GPL-3.0-only
  license_family: GPL
  purls: []
  run_exports:
    weak:
    - readline >=8.3,<9.0a0
  size: 348899
  timestamp: 1787033801506
- conda: https://conda.anaconda.org/conda-forge/linux-64/socat-1.8.1.3-h20ad521_0.conda
  sha256: 52e77b43ac25699bd3f581f3f0fa8d769b1d297c80b069ae6004333ce4cf6ea5
  md5: 0ff78033fe424cf868d82139436935ed
  depends:
  - __glibc >=2.17,<3.0.a0
  - libgcc >=14
  - openssl >=3.5.7,<4.0a0
  - readline >=8.3,<9.0a0
  license: GPL-2.0-or-later
  license_family: GPL
  purls: []
  run_exports: {}
  size: 257134
  timestamp: 1782474942317
- conda: https://conda.anaconda.org/conda-forge/linux-64/tk-8.6.13-noxft_h1df4ec4_4.conda
  build_number: 104
  sha256: a1a241d172c1ccab067ba245206dd048bc3c2d1b84504b53c9468e99adfc16a1
  md5: 676a2f9b1c4fcf57b70aa5c65f6c60d0
  depends:
  - libgcc >=15
  - __glibc >=2.17,<3.0.a0
  - libzlib >=1.3.2,<2.0a0
  constrains:
  - xorg-libx11 >=1.8.13,<2.0a0
  license: TCL
  purls: []
  run_exports:
    weak:
    - tk >=8.6.13,<8.7.0a0
  size: 3566806
  timestamp: 1787272857910
- conda: https://conda.anaconda.org/conda-forge/linux-64/zstd-1.5.7-hb78ec9c_7.conda
  sha256: 47d682b9f6d6ec9eb1a6e6c3e75ea6273e899e78fb7fc59f81d39745009fbc60
  md5: aa459086047c0e5e27023ab19f8cb86a
  depends:
  - __glibc >=2.17,<3.0.a0
  - libzlib >=1.3.2,<2.0a0
  license: BSD-3-Clause
  license_family: BSD
  purls: []
  run_exports:
    weak:
    - zstd >=1.5.7,<1.6.0a0
  size: 601301
  timestamp: 1786599621503
- conda: https://conda.anaconda.org/conda-forge/noarch/ca-certificates-2026.7.22-hbd8a1cb_0.conda
  sha256: 0a0544cf95f64394fe4959286f5c71f5444ad58feb0602e53becb27448d24da6
  md5: 0f51e2391ade309db462a55611263e9c
  depends:
  - __unix
  license: ISC
  purls: []
  run_exports: {}
  size: 131780
  timestamp: 1784754889428
- conda: https://conda.anaconda.org/conda-forge/noarch/pyte-0.8.2-pyhd8ed1ab_0.conda
  sha256: 8606142e9c8273e6ef7e6f77edfb5c6498180a7ca8d0665ed6d8311be56ab21b
  md5: b3f61fe14c9e026704d23e3532f097c2
  depends:
  - python >=3.9
  - wcwidth
  license: LGPL-3.0-only
  license_family: LGPL
  purls:
  - pkg:pypi/pyte?source=hash-mapping
  run_exports: {}
  size: 32895
  timestamp: 1740936896509
- conda: https://conda.anaconda.org/conda-forge/noarch/python_abi-3.13-9_cp313.conda
  build_number: 9
  sha256: 9dc0cb6a20ebc7e9bcd8c6868f2bec083c114b0ba20b7118405c036533d5c522
  md5: c5abc97af551bc12d71305852392f75c
  constrains:
  - python 3.13.* *_cp313
  license: BSD-3-Clause
  license_family: BSD
  purls: []
  run_exports: {}
  size: 6769
  timestamp: 1788302828005
- conda: https://conda.anaconda.org/conda-forge/noarch/tzdata-2026c-h151e31d_0.conda
  sha256: b928c30ddcb0e3f544c6eade8352737e6e610e263276b90232db6a578ef899d8
  md5: fcb489df604d100968b737f2cb6076c6
  license: LicenseRef-Public-Domain
  purls: []
  run_exports: {}
  size: 118849
  timestamp: 1784250406640
- conda: https://conda.anaconda.org/conda-forge/noarch/wcwidth-0.9.1-pyh5ded981_0.conda
  sha256: c1feede31bf99e5486c8f578d9ff97b89097ada5bab34ef23a3a0954037e8e6b
  md5: 7bb8dc2d589aee12e732badabc49b180
  depends:
  - python >=3.11
  - python
  license: MIT
  purls:
  - pkg:pypi/wcwidth?source=compressed-mapping
  run_exports: {}
  size: 142183
  timestamp: 1790250434206
- pypi: https://files.pythonhosted.org/packages/07/bc/587a445451b253b285629263eb51c2d8e9bcea4fc97826266d186f96f558/pyserial-3.5-py2.py3-none-any.whl
  name: pyserial
  version: '3.5'
  sha256: c4451db6ba391ca6ca299fb3ec7bae67a5c55dde170964c7a14ceefec02f2cf0
  requires_dist:
  - hidapi ; extra == 'cp2110'
- pypi: https://files.pythonhosted.org/packages/0c/c3/44f3fbbfa403ea2a7c779186dc20772604442dde72947e7d01069cbe98e3/pycparser-3.0-py3-none-any.whl
  name: pycparser
  version: '3.0'
  sha256: b727414169a36b7d524c1c3e31839a521725078d7b2ff038656844266160a992
  requires_python: '>=3.10'
- pypi: https://files.pythonhosted.org/packages/27/24/c820cf15f87f7b164e83710c1852d4f900d9793961579e5ef64189bc0c10/pyserial_asyncio-0.6-py3-none-any.whl
  name: pyserial-asyncio
  version: '0.6'
  sha256: de9337922619421b62b9b1a84048634b3ac520e1d690a674ed246a2af7ce1fc5
  requires_dist:
  - pyserial
- pypi: https://files.pythonhosted.org/packages/28/b8/27e6312e86408a44fe16bd28ee12dd98608b39f7e7e57884a24e8f29b573/pyusb-1.3.1-py3-none-any.whl
  name: pyusb
  version: 1.3.1
  sha256: bf9b754557af4717fe80c2b07cc2b923a9151f5c08d17bdb5345dac09d6a0430
  requires_python: '>=3.9.0'
- pypi: https://files.pythonhosted.org/packages/29/a6/76a492f6a937e196641b3abd1588c504c71438e243daf1bebde4d3bb8ee9/platformdirs-4.11.13-py3-none-any.whl
  name: platformdirs
  version: 4.11.13
  sha256: 228b2283af5c1f32673cdf55271216a52bbd8258cb31374e302ad7bd26cd7513
  requires_python: '>=3.10'
- pypi: https://files.pythonhosted.org/packages/34/c7/e1c2e8a67f6cc0aa43abe0046fb3b7a020980649e6a843751dc7ce9eb170/websockets-17.1-cp313-cp313-manylinux1_x86_64.manylinux_2_28_x86_64.manylinux_2_5_x86_64.whl
  name: websockets
  version: '17.1'
  sha256: c3241d684a76eaaef8b2dc789afde4343cd3aad55ea81e4e8ab3605b529bae51
  requires_python: '>=3.11'
- pypi: https://files.pythonhosted.org/packages/49/d3/b8441a820a491ddfc024b0b0cf0393375b75ea13866d9c66727e54c2fc80/typing_extensions-4.16.0-py3-none-any.whl
  name: typing-extensions
  version: 4.16.0
  sha256: 481caa481374e813c1b176ada14e97f1f67a4539ce9cfeb3f350d78d6370c2e8
  requires_python: '>=3.9'
- pypi: https://files.pythonhosted.org/packages/54/6f/84908cad2d6aa5144abcf7b42709fe4fdb459bc640ec7ac5786e7693dabc/prompt_toolkit-3.0.53-py3-none-any.whl
  name: prompt-toolkit
  version: 3.0.53
  sha256: 01c0891d7f9237d5e339f7d3e42cdae80b7534abb1c7c0e3352efba6231492f2
  requires_dist:
  - wcwidth>=0.1.4
  requires_python: '>=3.10'
- pypi: https://files.pythonhosted.org/packages/58/50/6c0d534c5f134586a8e1ba4e330569e32f057e33372ae556463212fb4cd3/click-8.5.0-py3-none-any.whl
  name: click
  version: 8.5.0
  sha256: 255bc9599cf7748b4b1a446ccc735421bd08a2ae529a8b88597d3de5664ee360
  requires_python: '>=3.10'
- pypi: https://files.pythonhosted.org/packages/81/12/5347938b1f9a6453f0dbdfcc3e2388a1320ef9b9ec17fbefbc4ab647ea98/pyee-14.0.0-py3-none-any.whl
  name: pyee
  version: 14.0.0
  sha256: 3ac2d3229a9677f7de2c33d7f52fe25b638a46b19c413fea2edc8c6d0a644e4d
  requires_dist:
  - typing-extensions
  requires_python: '>=3.12'
- pypi: https://files.pythonhosted.org/packages/87/c8/f552f4df5c6e9b64267c09bffe465f744edb088154f6d27a17beb8887de0/bumble-0.0.235-py3-none-any.whl
  name: bumble
  version: 0.0.235
  sha256: 4b20ee443ba8f20911f6c5cf11fd8c961c3f23b07234aa867305c08a01904de0
  requires_dist:
  - click>=8.1.3 ; sys_platform != 'emscripten'
  - cryptography>=44.0.3 ; sys_platform != 'android' and sys_platform != 'emscripten'
  - cryptography>=39.0.0 ; sys_platform == 'emscripten'
  - cryptography>=42.0.8 ; sys_platform == 'android'
  - platformdirs>=3.10.0 ; sys_platform != 'emscripten'
  - prompt-toolkit>=3.0.16 ; sys_platform != 'emscripten'
  - pyee>=13.0.0
  - tomli~=2.2.1 ; python_full_version < '3.11' and sys_platform != 'emscripten'
  - websockets>=15.0.1 ; sys_platform != 'emscripten'
  - pyserial-asyncio>=0.5 ; sys_platform != 'emscripten'
  - pyserial>=3.5 ; sys_platform != 'emscripten'
  - libusb1>=2.0.1 ; sys_platform != 'emscripten'
  - libusb-package==1.0.26.4 ; sys_platform != 'android' and sys_platform != 'emscripten'
  - pyusb>=1.2 ; sys_platform != 'emscripten'
  - grpcio>=1.62.1 ; sys_platform != 'emscripten' and extra == 'android'
  - protobuf>=3.12.4 ; sys_platform != 'emscripten' and extra == 'android'
  - lc3py>=1.1.3 ; (python_full_version >= '3.10' and platform_machine == 'arm64' and sys_platform == 'darwin' and extra == 'auracast') or (python_full_version >= '3.10' and platform_machine == 'x86_64' and sys_platform == 'linux' and extra == 'auracast')
  - sounddevice>=0.5.1 ; extra == 'auracast'
  - bumble[android] ; extra == 'all'
  - bumble[auracast] ; extra == 'all'
  requires_python: '>=3.10'
- pypi: https://files.pythonhosted.org/packages/8a/db/55a262f3606bebcae07cc14095338471ad7c0bbcaa37707e6f0ee49725b7/importlib_resources-7.1.0-py3-none-any.whl
  name: importlib-resources
  version: 7.1.0
  sha256: 1bd7b48b4088eddb2cd16382150bb515af0bd2c70128194392725f82ad2c96a1
  requires_dist:
  - zipp>=3.1.0 ; python_full_version < '3.10'
  - pytest>=6,!=8.1.* ; extra == 'test'
  - zipp>=3.17 ; extra == 'test'
  - jaraco-test>=5.4 ; extra == 'test'
  - sphinx>=3.5 ; extra == 'doc'
  - jaraco-packaging>=9.3 ; extra == 'doc'
  - rst-linker>=1.9 ; extra == 'doc'
  - furo ; extra == 'doc'
  - sphinx-lint ; extra == 'doc'
  - jaraco-tidelift>=1.4 ; extra == 'doc'
  - pytest-checkdocs>=2.14 ; extra == 'check'
  - pytest-ruff>=0.2.1 ; sys_platform != 'cygwin' and extra == 'check'
  - pytest-cov ; extra == 'cover'
  - pytest-enabler>=3.4 ; extra == 'enabler'
  - pytest-mypy>=1.0.1 ; platform_python_implementation != 'PyPy' and extra == 'type'
  requires_python: '>=3.10'
- pypi: https://files.pythonhosted.org/packages/95/95/86342356ff5953b3fb06f7ef7c5bee212d45e770abc7218d451b9148313c/cffi-2.1.1-cp313-cp313-manylinux2014_x86_64.manylinux_2_17_x86_64.whl
  name: cffi
  version: 2.1.1
  sha256: a931079504ecc49efed7744c476a5c343a92fabf66dec2db95edb1b2fdc770e2
  requires_dist:
  - pycparser ; implementation_name != 'PyPy'
  requires_python: '>=3.10'
- pypi: https://files.pythonhosted.org/packages/d4/64/d4b59444e4d3b6979aa5eb58840634465a24b41a9ab03dcf8434c9b89551/libusb1-3.4.0-py3-none-any.whl
  name: libusb1
  version: 3.4.0
  sha256: e83d034e44c3efe1c4599c6281d34bca50a38c12cab3b7b6217d583161a01ffd
- pypi: https://files.pythonhosted.org/packages/e1/1b/82f0f0d8858d4432be1af790477edf62aef90324041aa07c57e57bef1af7/cryptography-50.0.1-cp311-abi3-manylinux_2_28_x86_64.whl
  name: cryptography
  version: 50.0.1
  sha256: 51593d180cf6d179bde5c5d065bed81386b1f381656ae7d042b7ffc87a9895ad
  requires_dist:
  - cffi>=2.0.0 ; platform_python_implementation != 'PyPy'
  - typing-extensions>=4.13.2 ; python_full_version < '3.11'
  - bcrypt>=3.1.5 ; extra == 'ssh'
  requires_python: '!=3.9.0,>=3.9,!=3.9.1'
- pypi: https://files.pythonhosted.org/packages/fd/d0/ef347f6a283c1bde984af5aae3ba71ebf612d022c0a3cd1458ae58cc3c66/libusb_package-1.0.26.4-py3-none-manylinux2014_x86_64.manylinux_2_17_x86_64.manylinux_2_28_x86_64.whl
  name: libusb-package
  version: 1.0.26.4
  sha256: 44baf60d639f97e61d2091212295b9f34e7ca58082c355f5fab44ad46ac4595e
  requires_dist:
  - importlib-resources
  requires_python: '>=3.7'
